
Microsoft Visual Studio Solution File, Format Version 12.00
# Visual Studio 15
VisualStudioVersion = 15.0.27703.2035
MinimumVisualStudioVersion = 10.0.40219.1
Project("{159641D6-6404-4A2A-AE62-294DE0FE8301}") = "WTA_ETL_SSIS", "WTA_ETL_SSIS\WTA_ETL_SSIS.dtproj", "{CE54B1D9-A85D-4076-ACBA-DB770FD174C5}"
EndProject
Global
	GlobalSection(SolutionConfigurationPlatforms) = preSolution
		Development|Default = Development|Default
	EndGlobalSection
	GlobalSection(ProjectConfigurationPlatforms) = postSolution
		{CE54B1D9-A85D-4076-ACBA-DB770FD174C5}.Development|Default.ActiveCfg = Development
		{CE54B1D9-A85D-4076-ACBA-DB770FD174C5}.Development|Default.Build.0 = Development
	EndGlobalSection
	GlobalSection(SolutionProperties) = preSolution
		HideSolutionNode = FALSE
	EndGlobalSection
	GlobalSection(ExtensibilityGlobals) = postSolution
		SolutionGuid = {D098A39C-DCA8-4101-A5A0-B9C5DAE413AF}
	EndGlobalSection
EndGlobal
